
Microsoft Visual Studio Solution File, Format Version 12.00
# Visual Studio Version 17
VisualStudioVersion = 17.8.34316.72
MinimumVisualStudioVersion = 10.0.40219.1
Project("{FAE04EC0-301F-11D3-BF4B-00C04F79EFBC}") = "NetProber", "NetProber\NetProber.csproj", "{E9D0C9E3-4BA4-4669-86E2-0925D86044A2}"
EndProject
Global
	GlobalSection(SolutionConfigurationPlatforms) = preSolution
		Debug|Any CPU = Debug|Any CPU
		Release|Any CPU = Release|Any CPU
	EndGlobalSection
	GlobalSection(ProjectConfigurationPlatforms) = postSolution
		{E9D0C9E3-4BA4-4669-86E2-0925D86044A2}.Debug|Any CPU.ActiveCfg = Debug|Any CPU
		{E9D0C9E3-4BA4-4669-86E2-0925D86044A2}.Debug|Any CPU.Build.0 = Debug|Any CPU
		{E9D0C9E3-4BA4-4669-86E2-0925D86044A2}.Release|Any CPU.ActiveCfg = Release|Any CPU
		{E9D0C9E3-4BA4-4669-86E2-0925D86044A2}.Release|Any CPU.Build.0 = Release|Any CPU
	EndGlobalSection
	GlobalSection(SolutionProperties) = preSolution
		HideSolutionNode = FALSE
	EndGlobalSection
	GlobalSection(ExtensibilityGlobals) = postSolution
		SolutionGuid = {B17CD315-07EC-43F9-BD6A-A36CDBA84046}
	EndGlobalSection
EndGlobal
